// !$*UTF8*$!
{
	archiveVersion = 1;
	classes = {
	};
	objectVersion = 46;
	objects = {

/* Begin PBXBuildFile section */
		5E873F6E0D15244414B8420A /* libPods-Ha.a in Frameworks */ = {isa = PBXBuildFile; fileRef = CD913E2F96BAAFFB5A40A6B2 /* libPods-Ha.a */; };
		99173EC61EA0D1D200CDE419 /* AppDelegate.swift in Sources */ = {isa = PBXBuildFile; fileRef = 99173EC51EA0D1D200CDE419 /* AppDelegate.swift */; };
		99173ECD1EA0D1D200CDE419 /* Assets.xcassets in Resources */ = {isa = PBXBuildFile; fileRef = 99173ECC1EA0D1D200CDE419 /* Assets.xcassets */; };
		99173ED01EA0D1D200CDE419 /* LaunchScreen.storyboard in Resources */ = {isa = PBXBuildFile; fileRef = 99173ECE1EA0D1D200CDE419 /* LaunchScreen.storyboard */; };
		99173EDB1EA0D2AD00CDE419 /* config.swift in Sources */ = {isa = PBXBuildFile; fileRef = 99173EDA1EA0D2AD00CDE419 /* config.swift */; };
		993653DD1EA850FF005A4108 /* 隶变体.ttf in Resources */ = {isa = PBXBuildFile; fileRef = 993653DC1EA850FF005A4108 /* 隶变体.ttf */; };
		993653E21EA85108005A4108 /* ProgressHUD.bundle in Resources */ = {isa = PBXBuildFile; fileRef = 993653DF1EA85108005A4108 /* ProgressHUD.bundle */; };
		993653E31EA85108005A4108 /* ProgressHUD.m in Sources */ = {isa = PBXBuildFile; fileRef = 993653E11EA85108005A4108 /* ProgressHUD.m */; };
		993653E61EA89713005A4108 /* MainViewController.swift in Sources */ = {isa = PBXBuildFile; fileRef = 993653E51EA89713005A4108 /* MainViewController.swift */; };
		993653EC1EA89C18005A4108 /* MainCell.swift in Sources */ = {isa = PBXBuildFile; fileRef = 993653EA1EA89C18005A4108 /* MainCell.swift */; };
		993653ED1EA89C18005A4108 /* MainCell.xib in Resources */ = {isa = PBXBuildFile; fileRef = 993653EB1EA89C18005A4108 /* MainCell.xib */; };
		993653EF1EA8AA81005A4108 /* JokeModel.swift in Sources */ = {isa = PBXBuildFile; fileRef = 993653EE1EA8AA81005A4108 /* JokeModel.swift */; };
		99910BAC1EA9D37100C26B51 /* UIViewExt.m in Sources */ = {isa = PBXBuildFile; fileRef = 99910BAB1EA9D37100C26B51 /* UIViewExt.m */; };
		99910BAF1EA9E57C00C26B51 /* NoDataView.swift in Sources */ = {isa = PBXBuildFile; fileRef = 99910BAE1EA9E57C00C26B51 /* NoDataView.swift */; };
		99910BB11EA9E58A00C26B51 /* NoDataView.xib in Resources */ = {isa = PBXBuildFile; fileRef = 99910BB01EA9E58A00C26B51 /* NoDataView.xib */; };
		99910BB31EA9EB7800C26B51 /* SegmentView.swift in Sources */ = {isa = PBXBuildFile; fileRef = 99910BB21EA9EB7800C26B51 /* SegmentView.swift */; };
		99910BB51EA9EB8000C26B51 /* SegmentView.xib in Resources */ = {isa = PBXBuildFile; fileRef = 99910BB41EA9EB8000C26B51 /* SegmentView.xib */; };
		9997F2C71EA7331B00EEDC3D /* FactoryFile.swift in Sources */ = {isa = PBXBuildFile; fileRef = 9997F2C61EA7331B00EEDC3D /* FactoryFile.swift */; };
		99ECBF3A1EAB313300959FBD /* ImageCell.swift in Sources */ = {isa = PBXBuildFile; fileRef = 99ECBF381EAB313300959FBD /* ImageCell.swift */; };
		99ECBF3B1EAB313300959FBD /* ImageCell.xib in Resources */ = {isa = PBXBuildFile; fileRef = 99ECBF391EAB313300959FBD /* ImageCell.xib */; };
		99ECBF431EAB4CF700959FBD /* LoginViewController.swift in Sources */ = {isa = PBXBuildFile; fileRef = 99ECBF421EAB4CF700959FBD /* LoginViewController.swift */; };
		99ECBF471EAB573D00959FBD /* RegisterViewController.swift in Sources */ = {isa = PBXBuildFile; fileRef = 99ECBF461EAB573D00959FBD /* RegisterViewController.swift */; };
/* End PBXBuildFile section */

/* Begin PBXFileReference section */
		99173EC21EA0D1D200CDE419 /* Ha.app */ = {isa = PBXFileReference; explicitFileType = wrapper.application; includeInIndex = 0; path = Ha.app; sourceTree = BUILT_PRODUCTS_DIR; };
		99173EC51EA0D1D200CDE419 /* AppDelegate.swift */ = {isa = PBXFileReference; lastKnownFileType = sourcecode.swift; path = AppDelegate.swift; sourceTree = "<group>"; };
		99173ECC1EA0D1D200CDE419 /* Assets.xcassets */ = {isa = PBXFileReference; lastKnownFileType = folder.assetcatalog; path = Assets.xcassets; sourceTree = "<group>"; };
		99173ECF1EA0D1D200CDE419 /* Base */ = {isa = PBXFileReference; lastKnownFileType = file.storyboard; name = Base; path = Base.lproj/LaunchScreen.storyboard; sourceTree = "<group>"; };
		99173ED11EA0D1D200CDE419 /* Info.plist */ = {isa = PBXFileReference; lastKnownFileType = text.plist.xml; path = Info.plist; sourceTree = "<group>"; };
		99173ED91EA0D28C00CDE419 /* bridging.h */ = {isa = PBXFileReference; fileEncoding = 4; lastKnownFileType = sourcecode.c.h; path = bridging.h; sourceTree = "<group>"; };
		99173EDA1EA0D2AD00CDE419 /* config.swift */ = {isa = PBXFileReference; fileEncoding = 4; lastKnownFileType = sourcecode.swift; path = config.swift; sourceTree = "<group>"; };
		993653DC1EA850FF005A4108 /* 隶变体.ttf */ = {isa = PBXFileReference; lastKnownFileType = file; path = "隶变体.ttf"; sourceTree = "<group>"; };
		993653DF1EA85108005A4108 /* ProgressHUD.bundle */ = {isa = PBXFileReference; lastKnownFileType = "wrapper.plug-in"; path = ProgressHUD.bundle; sourceTree = "<group>"; };
		993653E01EA85108005A4108 /* ProgressHUD.h */ = {isa = PBXFileReference; fileEncoding = 4; lastKnownFileType = sourcecode.c.h; path = ProgressHUD.h; sourceTree = "<group>"; };
		993653E11EA85108005A4108 /* ProgressHUD.m */ = {isa = PBXFileReference; fileEncoding = 4; lastKnownFileType = sourcecode.c.objc; path = ProgressHUD.m; sourceTree = "<group>"; };
		993653E51EA89713005A4108 /* MainViewController.swift */ = {isa = PBXFileReference; fileEncoding = 4; lastKnownFileType = sourcecode.swift; path = MainViewController.swift; sourceTree = "<group>"; };
		993653EA1EA89C18005A4108 /* MainCell.swift */ = {isa = PBXFileReference; fileEncoding = 4; lastKnownFileType = sourcecode.swift; path = MainCell.swift; sourceTree = "<group>"; };
		993653EB1EA89C18005A4108 /* MainCell.xib */ = {isa = PBXFileReference; fileEncoding = 4; lastKnownFileType = file.xib; path = MainCell.xib; sourceTree = "<group>"; };
		993653EE1EA8AA81005A4108 /* JokeModel.swift */ = {isa = PBXFileReference; fileEncoding = 4; lastKnownFileType = sourcecode.swift; path = JokeModel.swift; sourceTree = "<group>"; };
		99910BAA1EA9D37100C26B51 /* UIViewExt.h */ = {isa = PBXFileReference; fileEncoding = 4; lastKnownFileType = sourcecode.c.h; path = UIViewExt.h; sourceTree = "<group>"; };
		99910BAB1EA9D37100C26B51 /* UIViewExt.m */ = {isa = PBXFileReference; fileEncoding = 4; lastKnownFileType = sourcecode.c.objc; path = UIViewExt.m; sourceTree = "<group>"; };
		99910BAE1EA9E57C00C26B51 /* NoDataView.swift */ = {isa = PBXFileReference; fileEncoding = 4; lastKnownFileType = sourcecode.swift; path = NoDataView.swift; sourceTree = "<group>"; };
		99910BB01EA9E58A00C26B51 /* NoDataView.xib */ = {isa = PBXFileReference; fileEncoding = 4; lastKnownFileType = file.xib; path = NoDataView.xib; sourceTree = "<group>"; };
		99910BB21EA9EB7800C26B51 /* SegmentView.swift */ = {isa = PBXFileReference; fileEncoding = 4; lastKnownFileType = sourcecode.swift; path = SegmentView.swift; sourceTree = "<group>"; };
		99910BB41EA9EB8000C26B51 /* SegmentView.xib */ = {isa = PBXFileReference; fileEncoding = 4; lastKnownFileType = file.xib; path = SegmentView.xib; sourceTree = "<group>"; };
		9997F2C61EA7331B00EEDC3D /* FactoryFile.swift */ = {isa = PBXFileReference; fileEncoding = 4; lastKnownFileType = sourcecode.swift; path = FactoryFile.swift; sourceTree = "<group>"; };
		99ECBF381EAB313300959FBD /* ImageCell.swift */ = {isa = PBXFileReference; fileEncoding = 4; lastKnownFileType = sourcecode.swift; path = ImageCell.swift; sourceTree = "<group>"; };
		99ECBF391EAB313300959FBD /* ImageCell.xib */ = {isa = PBXFileReference; fileEncoding = 4; lastKnownFileType = file.xib; path = ImageCell.xib; sourceTree = "<group>"; };
		99ECBF421EAB4CF700959FBD /* LoginViewController.swift */ = {isa = PBXFileReference; fileEncoding = 4; lastKnownFileType = sourcecode.swift; path = LoginViewController.swift; sourceTree = "<group>"; };
		99ECBF461EAB573D00959FBD /* RegisterViewController.swift */ = {isa = PBXFileReference; fileEncoding = 4; lastKnownFileType = sourcecode.swift; path = RegisterViewController.swift; sourceTree = "<group>"; };
		B7661987DFBF82709EBBC4C2 /* Pods-Ha.release.xcconfig */ = {isa = PBXFileReference; includeInIndex = 1; lastKnownFileType = text.xcconfig; name = "Pods-Ha.release.xcconfig"; path = "Pods/Target Support Files/Pods-Ha/Pods-Ha.release.xcconfig"; sourceTree = "<group>"; };
		CD913E2F96BAAFFB5A40A6B2 /* libPods-Ha.a */ = {isa = PBXFileReference; explicitFileType = archive.ar; includeInIndex = 0; path = "libPods-Ha.a"; sourceTree = BUILT_PRODUCTS_DIR; };
		D99B0C58AFACEC3DD100B909 /* Pods-Ha.debug.xcconfig */ = {isa = PBXFileReference; includeInIndex = 1; lastKnownFileType = text.xcconfig; name = "Pods-Ha.debug.xcconfig"; path = "Pods/Target Support Files/Pods-Ha/Pods-Ha.debug.xcconfig"; sourceTree = "<group>"; };
/* End PBXFileReference section */

/* Begin PBXFrameworksBuildPhase section */
		99173EBF1EA0D1D200CDE419 /* Frameworks */ = {
			isa = PBXFrameworksBuildPhase;
			buildActionMask = 2147483647;
			files = (
				5E873F6E0D15244414B8420A /* libPods-Ha.a in Frameworks */,
			);
			runOnlyForDeploymentPostprocessing = 0;
		};
/* End PBXFrameworksBuildPhase section */

/* Begin PBXGroup section */
		3544ECB78D2BE7AC08DDC495 /* Pods */ = {
			isa = PBXGroup;
			children = (
				D99B0C58AFACEC3DD100B909 /* Pods-Ha.debug.xcconfig */,
				B7661987DFBF82709EBBC4C2 /* Pods-Ha.release.xcconfig */,
			);
			name = Pods;
			sourceTree = "<group>";
		};
		95C6B06C8D86F9B30A34201E /* Frameworks */ = {
			isa = PBXGroup;
			children = (
				CD913E2F96BAAFFB5A40A6B2 /* libPods-Ha.a */,
			);
			name = Frameworks;
			sourceTree = "<group>";
		};
		99173EB91EA0D1D200CDE419 = {
			isa = PBXGroup;
			children = (
				99173EDD1EA0D44500CDE419 /* Resource */,
				99173EC41EA0D1D200CDE419 /* Ha */,
				99173EC31EA0D1D200CDE419 /* Products */,
				3544ECB78D2BE7AC08DDC495 /* Pods */,
				95C6B06C8D86F9B30A34201E /* Frameworks */,
			);
			sourceTree = "<group>";
		};
		99173EC31EA0D1D200CDE419 /* Products */ = {
			isa = PBXGroup;
			children = (
				99173EC21EA0D1D200CDE419 /* Ha.app */,
			);
			name = Products;
			sourceTree = "<group>";
		};
		99173EC41EA0D1D200CDE419 /* Ha */ = {
			isa = PBXGroup;
			children = (
				99910BAD1EA9E55800C26B51 /* Common */,
				9997F2C51EA7330600EEDC3D /* Helper */,
				99ECBF3C1EAB453E00959FBD /* Login */,
				993653E41EA89695005A4108 /* main */,
				99173EC51EA0D1D200CDE419 /* AppDelegate.swift */,
				99173ECC1EA0D1D200CDE419 /* Assets.xcassets */,
				99173ECE1EA0D1D200CDE419 /* LaunchScreen.storyboard */,
				99173ED11EA0D1D200CDE419 /* Info.plist */,
				99173ED91EA0D28C00CDE419 /* bridging.h */,
				99173EDA1EA0D2AD00CDE419 /* config.swift */,
			);
			path = Ha;
			sourceTree = "<group>";
		};
		99173EDD1EA0D44500CDE419 /* Resource */ = {
			isa = PBXGroup;
			children = (
				99910BAA1EA9D37100C26B51 /* UIViewExt.h */,
				99910BAB1EA9D37100C26B51 /* UIViewExt.m */,
				993653DC1EA850FF005A4108 /* 隶变体.ttf */,
				993653DE1EA85108005A4108 /* ProgressHUD */,
			);
			path = Resource;
			sourceTree = "<group>";
		};
		993653DE1EA85108005A4108 /* ProgressHUD */ = {
			isa = PBXGroup;
			children = (
				993653DF1EA85108005A4108 /* ProgressHUD.bundle */,
				993653E01EA85108005A4108 /* ProgressHUD.h */,
				993653E11EA85108005A4108 /* ProgressHUD.m */,
			);
			path = ProgressHUD;
			sourceTree = "<group>";
		};
		993653E41EA89695005A4108 /* main */ = {
			isa = PBXGroup;
			children = (
				993653E91EA89BFC005A4108 /* C */,
				993653E81EA89BF8005A4108 /* V */,
				993653E71EA89BF3005A4108 /* M */,
			);
			path = main;
			sourceTree = "<group>";
		};
		993653E71EA89BF3005A4108 /* M */ = {
			isa = PBXGroup;
			children = (
				993653EE1EA8AA81005A4108 /* JokeModel.swift */,
			);
			name = M;
			sourceTree = "<group>";
		};
		993653E81EA89BF8005A4108 /* V */ = {
			isa = PBXGroup;
			children = (
				993653EA1EA89C18005A4108 /* MainCell.swift */,
				993653EB1EA89C18005A4108 /* MainCell.xib */,
				99ECBF381EAB313300959FBD /* ImageCell.swift */,
				99ECBF391EAB313300959FBD /* ImageCell.xib */,
				99910BB21EA9EB7800C26B51 /* SegmentView.swift */,
				99910BB41EA9EB8000C26B51 /* SegmentView.xib */,
			);
			name = V;
			sourceTree = "<group>";
		};
		993653E91EA89BFC005A4108 /* C */ = {
			isa = PBXGroup;
			children = (
				993653E51EA89713005A4108 /* MainViewController.swift */,
			);
			name = C;
			sourceTree = "<group>";
		};
		99910BAD1EA9E55800C26B51 /* Common */ = {
			isa = PBXGroup;
			children = (
				99910BAE1EA9E57C00C26B51 /* NoDataView.swift */,
				99910BB01EA9E58A00C26B51 /* NoDataView.xib */,
			);
			path = Common;
			sourceTree = "<group>";
		};
		9997F2C51EA7330600EEDC3D /* Helper */ = {
			isa = PBXGroup;
			children = (
				9997F2C61EA7331B00EEDC3D /* FactoryFile.swift */,
			);
			path = Helper;
			sourceTree = "<group>";
		};
		99ECBF3C1EAB453E00959FBD /* Login */ = {
			isa = PBXGroup;
			children = (
				99ECBF411EAB4CE600959FBD /* C */,
				99ECBF401EAB4CE200959FBD /* V */,
				99ECBF3F1EAB4CDD00959FBD /* M */,
			);
			path = Login;
			sourceTree = "<group>";
		};
		99ECBF3F1EAB4CDD00959FBD /* M */ = {
			isa = PBXGroup;
			children = (
			);
			name = M;
			sourceTree = "<group>";
		};
		99ECBF401EAB4CE200959FBD /* V */ = {
			isa = PBXGroup;
			children = (
			);
			name = V;
			sourceTree = "<group>";
		};
		99ECBF411EAB4CE600959FBD /* C */ = {
			isa = PBXGroup;
			children = (
				99ECBF421EAB4CF700959FBD /* LoginViewController.swift */,
				99ECBF461EAB573D00959FBD /* RegisterViewController.swift */,
			);
			name = C;
			sourceTree = "<group>";
		};
/* End PBXGroup section */

/* Begin PBXNativeTarget section */
		99173EC11EA0D1D200CDE419 /* Ha */ = {
			isa = PBXNativeTarget;
			buildConfigurationList = 99173ED41EA0D1D200CDE419 /* Build configuration list for PBXNativeTarget "Ha" */;
			buildPhases = (
				2BA2CF43E4441F517A292DA5 /* [CP] Check Pods Manifest.lock */,
				99173EBE1EA0D1D200CDE419 /* Sources */,
				99173EBF1EA0D1D200CDE419 /* Frameworks */,
				99173EC01EA0D1D200CDE419 /* Resources */,
				581DF2D65FC0023BB715D13A /* [CP] Embed Pods Frameworks */,
				6E864E406A0C6BEEE2C4B742 /* [CP] Copy Pods Resources */,
			);
			buildRules = (
			);
			dependencies = (
			);
			name = Ha;
			productName = Ha;
			productReference = 99173EC21EA0D1D200CDE419 /* Ha.app */;
			productType = "com.apple.product-type.application";
		};
/* End PBXNativeTarget section */

/* Begin PBXProject section */
		99173EBA1EA0D1D200CDE419 /* Project object */ = {
			isa = PBXProject;
			attributes = {
				LastSwiftUpdateCheck = 0830;
				LastUpgradeCheck = 0830;
				ORGANIZATIONNAME = zhanghaiyong;
				TargetAttributes = {
					99173EC11EA0D1D200CDE419 = {
						CreatedOnToolsVersion = 8.3.1;
						DevelopmentTeam = AKEZGLTY8R;
						ProvisioningStyle = Automatic;
					};
				};
			};
			buildConfigurationList = 99173EBD1EA0D1D200CDE419 /* Build configuration list for PBXProject "Ha" */;
			compatibilityVersion = "Xcode 3.2";
			developmentRegion = English;
			hasScannedForEncodings = 0;
			knownRegions = (
				en,
				Base,
			);
			mainGroup = 99173EB91EA0D1D200CDE419;
			productRefGroup = 99173EC31EA0D1D200CDE419 /* Products */;
			projectDirPath = "";
			projectRoot = "";
			targets = (
				99173EC11EA0D1D200CDE419 /* Ha */,
			);
		};
/* End PBXProject section */

/* Begin PBXResourcesBuildPhase section */
		99173EC01EA0D1D200CDE419 /* Resources */ = {
			isa = PBXResourcesBuildPhase;
			buildActionMask = 2147483647;
			files = (
				993653DD1EA850FF005A4108 /* 隶变体.ttf in Resources */,
				99ECBF3B1EAB313300959FBD /* ImageCell.xib in Resources */,
				99173ED01EA0D1D200CDE419 /* LaunchScreen.storyboard in Resources */,
				99173ECD1EA0D1D200CDE419 /* Assets.xcassets in Resources */,
				99910BB11EA9E58A00C26B51 /* NoDataView.xib in Resources */,
				993653E21EA85108005A4108 /* ProgressHUD.bundle in Resources */,
				993653ED1EA89C18005A4108 /* MainCell.xib in Resources */,
				99910BB51EA9EB8000C26B51 /* SegmentView.xib in Resources */,
			);
			runOnlyForDeploymentPostprocessing = 0;
		};
/* End PBXResourcesBuildPhase section */

/* Begin PBXShellScriptBuildPhase section */
		2BA2CF43E4441F517A292DA5 /* [CP] Check Pods Manifest.lock */ = {
			isa = PBXShellScriptBuildPhase;
			buildActionMask = 2147483647;
			files = (
			);
			inputPaths = (
			);
			name = "[CP] Check Pods Manifest.lock";
			outputPaths = (
			);
			runOnlyForDeploymentPostprocessing = 0;
			shellPath = /bin/sh;
			shellScript = "diff \"${PODS_ROOT}/../Podfile.lock\" \"${PODS_ROOT}/Manifest.lock\" > /dev/null\nif [ $? != 0 ] ; then\n    # print error to STDERR\n    echo \"error: The sandbox is not in sync with the Podfile.lock. Run 'pod install' or update your CocoaPods installation.\" >&2\n    exit 1\nfi\n";
			showEnvVarsInLog = 0;
		};
		581DF2D65FC0023BB715D13A /* [CP] Embed Pods Frameworks */ = {
			isa = PBXShellScriptBuildPhase;
			buildActionMask = 2147483647;
			files = (
			);
			inputPaths = (
			);
			name = "[CP] Embed Pods Frameworks";
			outputPaths = (
			);
			runOnlyForDeploymentPostprocessing = 0;
			shellPath = /bin/sh;
			shellScript = "\"${SRCROOT}/Pods/Target Support Files/Pods-Ha/Pods-Ha-frameworks.sh\"\n";
			showEnvVarsInLog = 0;
		};
		6E864E406A0C6BEEE2C4B742 /* [CP] Copy Pods Resources */ = {
			isa = PBXShellScriptBuildPhase;
			buildActionMask = 2147483647;
			files = (
			);
			inputPaths = (
			);
			name = "[CP] Copy Pods Resources";
			outputPaths = (
			);
			runOnlyForDeploymentPostprocessing = 0;
			shellPath = /bin/sh;
			shellScript = "\"${SRCROOT}/Pods/Target Support Files/Pods-Ha/Pods-Ha-resources.sh\"\n";
			showEnvVarsInLog = 0;
		};
/* End PBXShellScriptBuildPhase section */

/* Begin PBXSourcesBuildPhase section */
		99173EBE1EA0D1D200CDE419 /* Sources */ = {
			isa = PBXSourcesBuildPhase;
			buildActionMask = 2147483647;
			files = (
				99ECBF431EAB4CF700959FBD /* LoginViewController.swift in Sources */,
				99910BAC1EA9D37100C26B51 /* UIViewExt.m in Sources */,
				993653EF1EA8AA81005A4108 /* JokeModel.swift in Sources */,
				99ECBF3A1EAB313300959FBD /* ImageCell.swift in Sources */,
				99173EDB1EA0D2AD00CDE419 /* config.swift in Sources */,
				993653E31EA85108005A4108 /* ProgressHUD.m in Sources */,
				993653EC1EA89C18005A4108 /* MainCell.swift in Sources */,
				993653E61EA89713005A4108 /* MainViewController.swift in Sources */,
				9997F2C71EA7331B00EEDC3D /* FactoryFile.swift in Sources */,
				99910BAF1EA9E57C00C26B51 /* NoDataView.swift in Sources */,
				99ECBF471EAB573D00959FBD /* RegisterViewController.swift in Sources */,
				99910BB31EA9EB7800C26B51 /* SegmentView.swift in Sources */,
				99173EC61EA0D1D200CDE419 /* AppDelegate.swift in Sources */,
			);
			runOnlyForDeploymentPostprocessing = 0;
		};
/* End PBXSourcesBuildPhase section */

/* Begin PBXVariantGroup section */
		99173ECE1EA0D1D200CDE419 /* LaunchScreen.storyboard */ = {
			isa = PBXVariantGroup;
			children = (
				99173ECF1EA0D1D200CDE419 /* Base */,
			);
			name = LaunchScreen.storyboard;
			sourceTree = "<group>";
		};
/* End PBXVariantGroup section */

/* Begin XCBuildConfiguration section */
		99173ED21EA0D1D200CDE419 /* Debug */ = {
			isa = XCBuildConfiguration;
			buildSettings = {
				ALWAYS_SEARCH_USER_PATHS = NO;
				CLANG_ANALYZER_NONNULL = YES;
				CLANG_ANALYZER_NUMBER_OBJECT_CONVERSION = YES_AGGRESSIVE;
				CLANG_CXX_LANGUAGE_STANDARD = "gnu++0x";
				CLANG_CXX_LIBRARY = "libc++";
				CLANG_ENABLE_MODULES = YES;
				CLANG_ENABLE_OBJC_ARC = YES;
				CLANG_WARN_BOOL_CONVERSION = YES;
				CLANG_WARN_CONSTANT_CONVERSION = YES;
				CLANG_WARN_DIRECT_OBJC_ISA_USAGE = YES_ERROR;
				CLANG_WARN_DOCUMENTATION_COMMENTS = YES;
				CLANG_WARN_EMPTY_BODY = YES;
				CLANG_WARN_ENUM_CONVERSION = YES;
				CLANG_WARN_INFINITE_RECURSION = YES;
				CLANG_WARN_INT_CONVERSION = YES;
				CLANG_WARN_OBJC_ROOT_CLASS = YES_ERROR;
				CLANG_WARN_SUSPICIOUS_MOVE = YES;
				CLANG_WARN_UNREACHABLE_CODE = YES;
				CLANG_WARN__DUPLICATE_METHOD_MATCH = YES;
				"CODE_SIGN_IDENTITY[sdk=iphoneos*]" = "iPhone Developer";
				COPY_PHASE_STRIP = NO;
				DEBUG_INFORMATION_FORMAT = dwarf;
				ENABLE_STRICT_OBJC_MSGSEND = YES;
				ENABLE_TESTABILITY = YES;
				GCC_C_LANGUAGE_STANDARD = gnu99;
				GCC_DYNAMIC_NO_PIC = NO;
				GCC_NO_COMMON_BLOCKS = YES;
				GCC_OPTIMIZATION_LEVEL = 0;
				GCC_PREPROCESSOR_DEFINITIONS = (
					"DEBUG=1",
					"$(inherited)",
				);
				GCC_WARN_64_TO_32_BIT_CONVERSION = YES;
				GCC_WARN_ABOUT_RETURN_TYPE = YES_ERROR;
				GCC_WARN_UNDECLARED_SELECTOR = YES;
				GCC_WARN_UNINITIALIZED_AUTOS = YES_AGGRESSIVE;
				GCC_WARN_UNUSED_FUNCTION = YES;
				GCC_WARN_UNUSED_VARIABLE = YES;
				IPHONEOS_DEPLOYMENT_TARGET = 10.3;
				MTL_ENABLE_DEBUG_INFO = YES;
				ONLY_ACTIVE_ARCH = YES;
				SDKROOT = iphoneos;
				SWIFT_ACTIVE_COMPILATION_CONDITIONS = DEBUG;
				SWIFT_OPTIMIZATION_LEVEL = "-Onone";
			};
			name = Debug;
		};
		99173ED31EA0D1D200CDE419 /* Release */ = {
			isa = XCBuildConfiguration;
			buildSettings = {
				ALWAYS_SEARCH_USER_PATHS = NO;
				CLANG_ANALYZER_NONNULL = YES;
				CLANG_ANALYZER_NUMBER_OBJECT_CONVERSION = YES_AGGRESSIVE;
				CLANG_CXX_LANGUAGE_STANDARD = "gnu++0x";
				CLANG_CXX_LIBRARY = "libc++";
				CLANG_ENABLE_MODULES = YES;
				CLANG_ENABLE_OBJC_ARC = YES;
				CLANG_WARN_BOOL_CONVERSION = YES;
				CLANG_WARN_CONSTANT_CONVERSION = YES;
				CLANG_WARN_DIRECT_OBJC_ISA_USAGE = YES_ERROR;
				CLANG_WARN_DOCUMENTATION_COMMENTS = YES;
				CLANG_WARN_EMPTY_BODY = YES;
				CLANG_WARN_ENUM_CONVERSION = YES;
				CLANG_WARN_INFINITE_RECURSION = YES;
				CLANG_WARN_INT_CONVERSION = YES;
				CLANG_WARN_OBJC_ROOT_CLASS = YES_ERROR;
				CLANG_WARN_SUSPICIOUS_MOVE = YES;
				CLANG_WARN_UNREACHABLE_CODE = YES;
				CLANG_WARN__DUPLICATE_METHOD_MATCH = YES;
				"CODE_SIGN_IDENTITY[sdk=iphoneos*]" = "iPhone Developer";
				COPY_PHASE_STRIP = NO;
				DEBUG_INFORMATION_FORMAT = "dwarf-with-dsym";
				ENABLE_NS_ASSERTIONS = NO;
				ENABLE_STRICT_OBJC_MSGSEND = YES;
				GCC_C_LANGUAGE_STANDARD = gnu99;
				GCC_NO_COMMON_BLOCKS = YES;
				GCC_WARN_64_TO_32_BIT_CONVERSION = YES;
				GCC_WARN_ABOUT_RETURN_TYPE = YES_ERROR;
				GCC_WARN_UNDECLARED_SELECTOR = YES;
				GCC_WARN_UNINITIALIZED_AUTOS = YES_AGGRESSIVE;
				GCC_WARN_UNUSED_FUNCTION = YES;
				GCC_WARN_UNUSED_VARIABLE = YES;
				IPHONEOS_DEPLOYMENT_TARGET = 10.3;
				MTL_ENABLE_DEBUG_INFO = NO;
				SDKROOT = iphoneos;
				SWIFT_OPTIMIZATION_LEVEL = "-Owholemodule";
				VALIDATE_PRODUCT = YES;
			};
			name = Release;
		};
		99173ED51EA0D1D200CDE419 /* Debug */ = {
			isa = XCBuildConfiguration;
			baseConfigurationReference = D99B0C58AFACEC3DD100B909 /* Pods-Ha.debug.xcconfig */;
			buildSettings = {
				ASSETCATALOG_COMPILER_APPICON_NAME = AppIcon;
				DEVELOPMENT_TEAM = AKEZGLTY8R;
				INFOPLIST_FILE = Ha/Info.plist;
				LD_RUNPATH_SEARCH_PATHS = "$(inherited) @executable_path/Frameworks";
				PRODUCT_BUNDLE_IDENTIFIER = com.sosoyy.m.api;
				PRODUCT_NAME = "$(TARGET_NAME)";
				SWIFT_OBJC_BRIDGING_HEADER = /Users/yangqian/Ha/Ha/Ha/bridging.h;
				SWIFT_VERSION = 3.0;
			};
			name = Debug;
		};
		99173ED61EA0D1D200CDE419 /* Release */ = {
			isa = XCBuildConfiguration;
			baseConfigurationReference = B7661987DFBF82709EBBC4C2 /* Pods-Ha.release.xcconfig */;
			buildSettings = {
				ASSETCATALOG_COMPILER_APPICON_NAME = AppIcon;
				DEVELOPMENT_TEAM = AKEZGLTY8R;
				INFOPLIST_FILE = Ha/Info.plist;
				LD_RUNPATH_SEARCH_PATHS = "$(inherited) @executable_path/Frameworks";
				PRODUCT_BUNDLE_IDENTIFIER = com.sosoyy.m.api;
				PRODUCT_NAME = "$(TARGET_NAME)";
				SWIFT_OBJC_BRIDGING_HEADER = /Users/yangqian/Ha/Ha/Ha/bridging.h;
				SWIFT_VERSION = 3.0;
			};
			name = Release;
		};
/* End XCBuildConfiguration section */

/* Begin XCConfigurationList section */
		99173EBD1EA0D1D200CDE419 /* Build configuration list for PBXProject "Ha" */ = {
			isa = XCConfigurationList;
			buildConfigurations = (
				99173ED21EA0D1D200CDE419 /* Debug */,
				99173ED31EA0D1D200CDE419 /* Release */,
			);
			defaultConfigurationIsVisible = 0;
			defaultConfigurationName = Release;
		};
		99173ED41EA0D1D200CDE419 /* Build configuration list for PBXNativeTarget "Ha" */ = {
			isa = XCConfigurationList;
			buildConfigurations = (
				99173ED51EA0D1D200CDE419 /* Debug */,
				99173ED61EA0D1D200CDE419 /* Release */,
			);
			defaultConfigurationIsVisible = 0;
			defaultConfigurationName = Release;
		};
/* End XCConfigurationList section */
	};
	rootObject = 99173EBA1EA0D1D200CDE419 /* Project object */;
}
