// !$*UTF8*$!
{
	archiveVersion = 1;
	classes = {
	};
	objectVersion = 46;
	objects = {

/* Begin PBXBuildFile section */
		99173EC61EA0D1D200CDE419 /* AppDelegate.swift in Sources */ = {isa = PBXBuildFile; fileRef = 99173EC51EA0D1D200CDE419 /* AppDelegate.swift */; };
		99173EC81EA0D1D200CDE419 /* ViewController.swift in Sources */ = {isa = PBXBuildFile; fileRef = 99173EC71EA0D1D200CDE419 /* ViewController.swift */; };
		99173ECB1EA0D1D200CDE419 /* Main.storyboard in Resources */ = {isa = PBXBuildFile; fileRef = 99173EC91EA0D1D200CDE419 /* Main.storyboard */; };
		99173ECD1EA0D1D200CDE419 /* Assets.xcassets in Resources */ = {isa = PBXBuildFile; fileRef = 99173ECC1EA0D1D200CDE419 /* Assets.xcassets */; };
		99173ED01EA0D1D200CDE419 /* LaunchScreen.storyboard in Resources */ = {isa = PBXBuildFile; fileRef = 99173ECE1EA0D1D200CDE419 /* LaunchScreen.storyboard */; };
		99173EDB1EA0D2AD00CDE419 /* config.swift in Sources */ = {isa = PBXBuildFile; fileRef = 99173EDA1EA0D2AD00CDE419 /* config.swift */; };
		99173EDF1EA0D45300CDE419 /* 隶变体.ttf in Resources */ = {isa = PBXBuildFile; fileRef = 99173EDE1EA0D45300CDE419 /* 隶变体.ttf */; };
		99173EE41EA0D61F00CDE419 /* ProgressHUD.bundle in Resources */ = {isa = PBXBuildFile; fileRef = 99173EE11EA0D61F00CDE419 /* ProgressHUD.bundle */; };
		99173EE51EA0D61F00CDE419 /* ProgressHUD.m in Sources */ = {isa = PBXBuildFile; fileRef = 99173EE31EA0D61F00CDE419 /* ProgressHUD.m */; };
/* End PBXBuildFile section */

/* Begin PBXFileReference section */
		99173EC21EA0D1D200CDE419 /* Ha.app */ = {isa = PBXFileReference; explicitFileType = wrapper.application; includeInIndex = 0; path = Ha.app; sourceTree = BUILT_PRODUCTS_DIR; };
		99173EC51EA0D1D200CDE419 /* AppDelegate.swift */ = {isa = PBXFileReference; lastKnownFileType = sourcecode.swift; path = AppDelegate.swift; sourceTree = "<group>"; };
		99173EC71EA0D1D200CDE419 /* ViewController.swift */ = {isa = PBXFileReference; lastKnownFileType = sourcecode.swift; path = ViewController.swift; sourceTree = "<group>"; };
		99173ECA1EA0D1D200CDE419 /* Base */ = {isa = PBXFileReference; lastKnownFileType = file.storyboard; name = Base; path = Base.lproj/Main.storyboard; sourceTree = "<group>"; };
		99173ECC1EA0D1D200CDE419 /* Assets.xcassets */ = {isa = PBXFileReference; lastKnownFileType = folder.assetcatalog; path = Assets.xcassets; sourceTree = "<group>"; };
		99173ECF1EA0D1D200CDE419 /* Base */ = {isa = PBXFileReference; lastKnownFileType = file.storyboard; name = Base; path = Base.lproj/LaunchScreen.storyboard; sourceTree = "<group>"; };
		99173ED11EA0D1D200CDE419 /* Info.plist */ = {isa = PBXFileReference; lastKnownFileType = text.plist.xml; path = Info.plist; sourceTree = "<group>"; };
		99173ED91EA0D28C00CDE419 /* bridging.h */ = {isa = PBXFileReference; fileEncoding = 4; lastKnownFileType = sourcecode.c.h; path = bridging.h; sourceTree = "<group>"; };
		99173EDA1EA0D2AD00CDE419 /* config.swift */ = {isa = PBXFileReference; fileEncoding = 4; lastKnownFileType = sourcecode.swift; path = config.swift; sourceTree = "<group>"; };
		99173EDE1EA0D45300CDE419 /* 隶变体.ttf */ = {isa = PBXFileReference; lastKnownFileType = file; path = "隶变体.ttf"; sourceTree = "<group>"; };
		99173EE11EA0D61F00CDE419 /* ProgressHUD.bundle */ = {isa = PBXFileReference; lastKnownFileType = "wrapper.plug-in"; path = ProgressHUD.bundle; sourceTree = "<group>"; };
		99173EE21EA0D61F00CDE419 /* ProgressHUD.h */ = {isa = PBXFileReference; fileEncoding = 4; lastKnownFileType = sourcecode.c.h; path = ProgressHUD.h; sourceTree = "<group>"; };
		99173EE31EA0D61F00CDE419 /* ProgressHUD.m */ = {isa = PBXFileReference; fileEncoding = 4; lastKnownFileType = sourcecode.c.objc; path = ProgressHUD.m; sourceTree = "<group>"; };
/* End PBXFileReference section */

/* Begin PBXFrameworksBuildPhase section */
		99173EBF1EA0D1D200CDE419 /* Frameworks */ = {
			isa = PBXFrameworksBuildPhase;
			buildActionMask = 2147483647;
			files = (
			);
			runOnlyForDeploymentPostprocessing = 0;
		};
/* End PBXFrameworksBuildPhase section */

/* Begin PBXGroup section */
		99173EB91EA0D1D200CDE419 = {
			isa = PBXGroup;
			children = (
				99173EDD1EA0D44500CDE419 /* Resource */,
				99173EC41EA0D1D200CDE419 /* Ha */,
				99173EC31EA0D1D200CDE419 /* Products */,
			);
			sourceTree = "<group>";
		};
		99173EC31EA0D1D200CDE419 /* Products */ = {
			isa = PBXGroup;
			children = (
				99173EC21EA0D1D200CDE419 /* Ha.app */,
			);
			name = Products;
			sourceTree = "<group>";
		};
		99173EC41EA0D1D200CDE419 /* Ha */ = {
			isa = PBXGroup;
			children = (
				99173EC51EA0D1D200CDE419 /* AppDelegate.swift */,
				99173EC71EA0D1D200CDE419 /* ViewController.swift */,
				99173EC91EA0D1D200CDE419 /* Main.storyboard */,
				99173ECC1EA0D1D200CDE419 /* Assets.xcassets */,
				99173ECE1EA0D1D200CDE419 /* LaunchScreen.storyboard */,
				99173ED11EA0D1D200CDE419 /* Info.plist */,
				99173ED91EA0D28C00CDE419 /* bridging.h */,
				99173EDA1EA0D2AD00CDE419 /* config.swift */,
			);
			path = Ha;
			sourceTree = "<group>";
		};
		99173EDD1EA0D44500CDE419 /* Resource */ = {
			isa = PBXGroup;
			children = (
				99173EE01EA0D61F00CDE419 /* ProgressHUD */,
				99173EDE1EA0D45300CDE419 /* 隶变体.ttf */,
			);
			path = Resource;
			sourceTree = "<group>";
		};
		99173EE01EA0D61F00CDE419 /* ProgressHUD */ = {
			isa = PBXGroup;
			children = (
				99173EE11EA0D61F00CDE419 /* ProgressHUD.bundle */,
				99173EE21EA0D61F00CDE419 /* ProgressHUD.h */,
				99173EE31EA0D61F00CDE419 /* ProgressHUD.m */,
			);
			path = ProgressHUD;
			sourceTree = "<group>";
		};
/* End PBXGroup section */

/* Begin PBXNativeTarget section */
		99173EC11EA0D1D200CDE419 /* Ha */ = {
			isa = PBXNativeTarget;
			buildConfigurationList = 99173ED41EA0D1D200CDE419 /* Build configuration list for PBXNativeTarget "Ha" */;
			buildPhases = (
				99173EBE1EA0D1D200CDE419 /* Sources */,
				99173EBF1EA0D1D200CDE419 /* Frameworks */,
				99173EC01EA0D1D200CDE419 /* Resources */,
			);
			buildRules = (
			);
			dependencies = (
			);
			name = Ha;
			productName = Ha;
			productReference = 99173EC21EA0D1D200CDE419 /* Ha.app */;
			productType = "com.apple.product-type.application";
		};
/* End PBXNativeTarget section */

/* Begin PBXProject section */
		99173EBA1EA0D1D200CDE419 /* Project object */ = {
			isa = PBXProject;
			attributes = {
				LastSwiftUpdateCheck = 0830;
				LastUpgradeCheck = 0830;
				ORGANIZATIONNAME = zhanghaiyong;
				TargetAttributes = {
					99173EC11EA0D1D200CDE419 = {
						CreatedOnToolsVersion = 8.3.1;
						DevelopmentTeam = AKEZGLTY8R;
						ProvisioningStyle = Automatic;
					};
				};
			};
			buildConfigurationList = 99173EBD1EA0D1D200CDE419 /* Build configuration list for PBXProject "Ha" */;
			compatibilityVersion = "Xcode 3.2";
			developmentRegion = English;
			hasScannedForEncodings = 0;
			knownRegions = (
				en,
				Base,
			);
			mainGroup = 99173EB91EA0D1D200CDE419;
			productRefGroup = 99173EC31EA0D1D200CDE419 /* Products */;
			projectDirPath = "";
			projectRoot = "";
			targets = (
				99173EC11EA0D1D200CDE419 /* Ha */,
			);
		};
/* End PBXProject section */

/* Begin PBXResourcesBuildPhase section */
		99173EC01EA0D1D200CDE419 /* Resources */ = {
			isa = PBXResourcesBuildPhase;
			buildActionMask = 2147483647;
			files = (
				99173EDF1EA0D45300CDE419 /* 隶变体.ttf in Resources */,
				99173ED01EA0D1D200CDE419 /* LaunchScreen.storyboard in Resources */,
				99173ECD1EA0D1D200CDE419 /* Assets.xcassets in Resources */,
				99173EE41EA0D61F00CDE419 /* ProgressHUD.bundle in Resources */,
				99173ECB1EA0D1D200CDE419 /* Main.storyboard in Resources */,
			);
			runOnlyForDeploymentPostprocessing = 0;
		};
/* End PBXResourcesBuildPhase section */

/* Begin PBXSourcesBuildPhase section */
		99173EBE1EA0D1D200CDE419 /* Sources */ = {
			isa = PBXSourcesBuildPhase;
			buildActionMask = 2147483647;
			files = (
				99173EDB1EA0D2AD00CDE419 /* config.swift in Sources */,
				99173EC81EA0D1D200CDE419 /* ViewController.swift in Sources */,
				99173EE51EA0D61F00CDE419 /* ProgressHUD.m in Sources */,
				99173EC61EA0D1D200CDE419 /* AppDelegate.swift in Sources */,
			);
			runOnlyForDeploymentPostprocessing = 0;
		};
/* End PBXSourcesBuildPhase section */

/* Begin PBXVariantGroup section */
		99173EC91EA0D1D200CDE419 /* Main.storyboard */ = {
			isa = PBXVariantGroup;
			children = (
				99173ECA1EA0D1D200CDE419 /* Base */,
			);
			name = Main.storyboard;
			sourceTree = "<group>";
		};
		99173ECE1EA0D1D200CDE419 /* LaunchScreen.storyboard */ = {
			isa = PBXVariantGroup;
			children = (
				99173ECF1EA0D1D200CDE419 /* Base */,
			);
			name = LaunchScreen.storyboard;
			sourceTree = "<group>";
		};
/* End PBXVariantGroup section */

/* Begin XCBuildConfiguration section */
		99173ED21EA0D1D200CDE419 /* Debug */ = {
			isa = XCBuildConfiguration;
			buildSettings = {
				ALWAYS_SEARCH_USER_PATHS = NO;
				CLANG_ANALYZER_NONNULL = YES;
				CLANG_ANALYZER_NUMBER_OBJECT_CONVERSION = YES_AGGRESSIVE;
				CLANG_CXX_LANGUAGE_STANDARD = "gnu++0x";
				CLANG_CXX_LIBRARY = "libc++";
				CLANG_ENABLE_MODULES = YES;
				CLANG_ENABLE_OBJC_ARC = YES;
				CLANG_WARN_BOOL_CONVERSION = YES;
				CLANG_WARN_CONSTANT_CONVERSION = YES;
				CLANG_WARN_DIRECT_OBJC_ISA_USAGE = YES_ERROR;
				CLANG_WARN_DOCUMENTATION_COMMENTS = YES;
				CLANG_WARN_EMPTY_BODY = YES;
				CLANG_WARN_ENUM_CONVERSION = YES;
				CLANG_WARN_INFINITE_RECURSION = YES;
				CLANG_WARN_INT_CONVERSION = YES;
				CLANG_WARN_OBJC_ROOT_CLASS = YES_ERROR;
				CLANG_WARN_SUSPICIOUS_MOVE = YES;
				CLANG_WARN_UNREACHABLE_CODE = YES;
				CLANG_WARN__DUPLICATE_METHOD_MATCH = YES;
				"CODE_SIGN_IDENTITY[sdk=iphoneos*]" = "iPhone Developer";
				COPY_PHASE_STRIP = NO;
				DEBUG_INFORMATION_FORMAT = dwarf;
				ENABLE_STRICT_OBJC_MSGSEND = YES;
				ENABLE_TESTABILITY = YES;
				GCC_C_LANGUAGE_STANDARD = gnu99;
				GCC_DYNAMIC_NO_PIC = NO;
				GCC_NO_COMMON_BLOCKS = YES;
				GCC_OPTIMIZATION_LEVEL = 0;
				GCC_PREPROCESSOR_DEFINITIONS = (
					"DEBUG=1",
					"$(inherited)",
				);
				GCC_WARN_64_TO_32_BIT_CONVERSION = YES;
				GCC_WARN_ABOUT_RETURN_TYPE = YES_ERROR;
				GCC_WARN_UNDECLARED_SELECTOR = YES;
				GCC_WARN_UNINITIALIZED_AUTOS = YES_AGGRESSIVE;
				GCC_WARN_UNUSED_FUNCTION = YES;
				GCC_WARN_UNUSED_VARIABLE = YES;
				IPHONEOS_DEPLOYMENT_TARGET = 10.3;
				MTL_ENABLE_DEBUG_INFO = YES;
				ONLY_ACTIVE_ARCH = YES;
				SDKROOT = iphoneos;
				SWIFT_ACTIVE_COMPILATION_CONDITIONS = DEBUG;
				SWIFT_OPTIMIZATION_LEVEL = "-Onone";
			};
			name = Debug;
		};
		99173ED31EA0D1D200CDE419 /* Release */ = {
			isa = XCBuildConfiguration;
			buildSettings = {
				ALWAYS_SEARCH_USER_PATHS = NO;
				CLANG_ANALYZER_NONNULL = YES;
				CLANG_ANALYZER_NUMBER_OBJECT_CONVERSION = YES_AGGRESSIVE;
				CLANG_CXX_LANGUAGE_STANDARD = "gnu++0x";
				CLANG_CXX_LIBRARY = "libc++";
				CLANG_ENABLE_MODULES = YES;
				CLANG_ENABLE_OBJC_ARC = YES;
				CLANG_WARN_BOOL_CONVERSION = YES;
				CLANG_WARN_CONSTANT_CONVERSION = YES;
				CLANG_WARN_DIRECT_OBJC_ISA_USAGE = YES_ERROR;
				CLANG_WARN_DOCUMENTATION_COMMENTS = YES;
				CLANG_WARN_EMPTY_BODY = YES;
				CLANG_WARN_ENUM_CONVERSION = YES;
				CLANG_WARN_INFINITE_RECURSION = YES;
				CLANG_WARN_INT_CONVERSION = YES;
				CLANG_WARN_OBJC_ROOT_CLASS = YES_ERROR;
				CLANG_WARN_SUSPICIOUS_MOVE = YES;
				CLANG_WARN_UNREACHABLE_CODE = YES;
				CLANG_WARN__DUPLICATE_METHOD_MATCH = YES;
				"CODE_SIGN_IDENTITY[sdk=iphoneos*]" = "iPhone Developer";
				COPY_PHASE_STRIP = NO;
				DEBUG_INFORMATION_FORMAT = "dwarf-with-dsym";
				ENABLE_NS_ASSERTIONS = NO;
				ENABLE_STRICT_OBJC_MSGSEND = YES;
				GCC_C_LANGUAGE_STANDARD = gnu99;
				GCC_NO_COMMON_BLOCKS = YES;
				GCC_WARN_64_TO_32_BIT_CONVERSION = YES;
				GCC_WARN_ABOUT_RETURN_TYPE = YES_ERROR;
				GCC_WARN_UNDECLARED_SELECTOR = YES;
				GCC_WARN_UNINITIALIZED_AUTOS = YES_AGGRESSIVE;
				GCC_WARN_UNUSED_FUNCTION = YES;
				GCC_WARN_UNUSED_VARIABLE = YES;
				IPHONEOS_DEPLOYMENT_TARGET = 10.3;
				MTL_ENABLE_DEBUG_INFO = NO;
				SDKROOT = iphoneos;
				SWIFT_OPTIMIZATION_LEVEL = "-Owholemodule";
				VALIDATE_PRODUCT = YES;
			};
			name = Release;
		};
		99173ED51EA0D1D200CDE419 /* Debug */ = {
			isa = XCBuildConfiguration;
			buildSettings = {
				ASSETCATALOG_COMPILER_APPICON_NAME = AppIcon;
				DEVELOPMENT_TEAM = AKEZGLTY8R;
				INFOPLIST_FILE = Ha/Info.plist;
				LD_RUNPATH_SEARCH_PATHS = "$(inherited) @executable_path/Frameworks";
				PRODUCT_BUNDLE_IDENTIFIER = com.zhanghaiyong.Ha;
				PRODUCT_NAME = "$(TARGET_NAME)";
				SWIFT_OBJC_BRIDGING_HEADER = /Users/yangqian/Ha/Ha/Ha/bridging.h;
				SWIFT_VERSION = 3.0;
			};
			name = Debug;
		};
		99173ED61EA0D1D200CDE419 /* Release */ = {
			isa = XCBuildConfiguration;
			buildSettings = {
				ASSETCATALOG_COMPILER_APPICON_NAME = AppIcon;
				DEVELOPMENT_TEAM = AKEZGLTY8R;
				INFOPLIST_FILE = Ha/Info.plist;
				LD_RUNPATH_SEARCH_PATHS = "$(inherited) @executable_path/Frameworks";
				PRODUCT_BUNDLE_IDENTIFIER = com.zhanghaiyong.Ha;
				PRODUCT_NAME = "$(TARGET_NAME)";
				SWIFT_OBJC_BRIDGING_HEADER = /Users/yangqian/Ha/Ha/Ha/bridging.h;
				SWIFT_VERSION = 3.0;
			};
			name = Release;
		};
/* End XCBuildConfiguration section */

/* Begin XCConfigurationList section */
		99173EBD1EA0D1D200CDE419 /* Build configuration list for PBXProject "Ha" */ = {
			isa = XCConfigurationList;
			buildConfigurations = (
				99173ED21EA0D1D200CDE419 /* Debug */,
				99173ED31EA0D1D200CDE419 /* Release */,
			);
			defaultConfigurationIsVisible = 0;
			defaultConfigurationName = Release;
		};
		99173ED41EA0D1D200CDE419 /* Build configuration list for PBXNativeTarget "Ha" */ = {
			isa = XCConfigurationList;
			buildConfigurations = (
				99173ED51EA0D1D200CDE419 /* Debug */,
				99173ED61EA0D1D200CDE419 /* Release */,
			);
			defaultConfigurationIsVisible = 0;
			defaultConfigurationName = Release;
		};
/* End XCConfigurationList section */
	};
	rootObject = 99173EBA1EA0D1D200CDE419 /* Project object */;
}
